
Microsoft Visual Studio Solution File, Format Version 12.00
# Visual Studio Version 17
VisualStudioVersion = 17.14.36414.22
MinimumVisualStudioVersion = 10.0.40219.1
Project("{FAE04EC0-301F-11D3-BF4B-00C04F79EFBC}") = "ComicbookArchiveHost", "ComicbookArchiveToolbox\ComicbookArchiveHost.csproj", "{15033CAD-BB37-4027-920C-8A55C867B9CB}"
EndProject
Global
	GlobalSection(SolutionConfigurationPlatforms) = preSolution
		Debug|Any CPU = Debug|Any CPU
		Release|Any CPU = Release|Any CPU
	EndGlobalSection
	GlobalSection(ProjectConfigurationPlatforms) = postSolution
		{15033CAD-BB37-4027-920C-8A55C867B9CB}.Debug|Any CPU.ActiveCfg = Debug|Any CPU
		{15033CAD-BB37-4027-920C-8A55C867B9CB}.Debug|Any CPU.Build.0 = Debug|Any CPU
		{15033CAD-BB37-4027-920C-8A55C867B9CB}.Release|Any CPU.ActiveCfg = Release|Any CPU
		{15033CAD-BB37-4027-920C-8A55C867B9CB}.Release|Any CPU.Build.0 = Release|Any CPU
	EndGlobalSection
	GlobalSection(SolutionProperties) = preSolution
		HideSolutionNode = FALSE
	EndGlobalSection
	GlobalSection(ExtensibilityGlobals) = postSolution
		SolutionGuid = {8E368AB2-56D1-4A36-93D9-E2DAC94ACA88}
	EndGlobalSection
EndGlobal
